
Microsoft Visual Studio Solution File, Format Version 12.00
# Visual Studio Version 16
VisualStudioVersion = 16.0.31402.337
MinimumVisualStudioVersion = 10.0.40219.1
Project("{FAE04EC0-301F-11D3-BF4B-00C04F79EFBC}") = "TicketsSport", "TicketsSport\TicketsSport.csproj", "{354CF5E5-135B-4C69-941B-FA4D98D3CC2C}"
EndProject
Global
	GlobalSection(SolutionConfigurationPlatforms) = preSolution
		Debug|Any CPU = Debug|Any CPU
		Release|Any CPU = Release|Any CPU
	EndGlobalSection
	GlobalSection(ProjectConfigurationPlatforms) = postSolution
		{354CF5E5-135B-4C69-941B-FA4D98D3CC2C}.Debug|Any CPU.ActiveCfg = Debug|Any CPU
		{354CF5E5-135B-4C69-941B-FA4D98D3CC2C}.Debug|Any CPU.Build.0 = Debug|Any CPU
		{354CF5E5-135B-4C69-941B-FA4D98D3CC2C}.Release|Any CPU.ActiveCfg = Release|Any CPU
		{354CF5E5-135B-4C69-941B-FA4D98D3CC2C}.Release|Any CPU.Build.0 = Release|Any CPU
	EndGlobalSection
	GlobalSection(SolutionProperties) = preSolution
		HideSolutionNode = FALSE
	EndGlobalSection
	GlobalSection(ExtensibilityGlobals) = postSolution
		SolutionGuid = {819DEEB7-F01E-4D96-B5AD-EF671D227899}
	EndGlobalSection
EndGlobal
